
Microsoft Visual Studio Solution File, Format Version 12.00
# Visual Studio Version 16
VisualStudioVersion = 16.0.31911.196
MinimumVisualStudioVersion = 10.0.40219.1
Project("{FAE04EC0-301F-11D3-BF4B-00C04F79EFBC}") = "Aribasoiu_Danusia_Lab5", "Aribasoiu_Danusia_Lab5.csproj", "{25B01360-B8EA-406E-A8A6-0371FC1ADA2D}"
EndProject
Project("{FAE04EC0-301F-11D3-BF4B-00C04F79EFBC}") = "AutoLotModel", "..\AutoLotModel\AutoLotModel.csproj", "{EDF2D639-84FC-4D0D-8A19-65E286DB62E9}"
EndProject
Global
	GlobalSection(SolutionConfigurationPlatforms) = preSolution
		Debug|Any CPU = Debug|Any CPU
		Release|Any CPU = Release|Any CPU
	EndGlobalSection
	GlobalSection(ProjectConfigurationPlatforms) = postSolution
		{25B01360-B8EA-406E-A8A6-0371FC1ADA2D}.Debug|Any CPU.ActiveCfg = Debug|Any CPU
		{25B01360-B8EA-406E-A8A6-0371FC1ADA2D}.Debug|Any CPU.Build.0 = Debug|Any CPU
		{25B01360-B8EA-406E-A8A6-0371FC1ADA2D}.Release|Any CPU.ActiveCfg = Release|Any CPU
		{25B01360-B8EA-406E-A8A6-0371FC1ADA2D}.Release|Any CPU.Build.0 = Release|Any CPU
		{EDF2D639-84FC-4D0D-8A19-65E286DB62E9}.Debug|Any CPU.ActiveCfg = Debug|Any CPU
		{EDF2D639-84FC-4D0D-8A19-65E286DB62E9}.Debug|Any CPU.Build.0 = Debug|Any CPU
		{EDF2D639-84FC-4D0D-8A19-65E286DB62E9}.Release|Any CPU.ActiveCfg = Release|Any CPU
		{EDF2D639-84FC-4D0D-8A19-65E286DB62E9}.Release|Any CPU.Build.0 = Release|Any CPU
	EndGlobalSection
	GlobalSection(SolutionProperties) = preSolution
		HideSolutionNode = FALSE
	EndGlobalSection
	GlobalSection(ExtensibilityGlobals) = postSolution
		SolutionGuid = {58C35D3F-06FC-41A1-9B71-E22428B8742C}
	EndGlobalSection
EndGlobal
